
Microsoft Visual Studio Solution File, Format Version 12.00
# Visual Studio Version 17
VisualStudioVersion = 17.5.33516.290
MinimumVisualStudioVersion = 10.0.40219.1
Project("{FAE04EC0-301F-11D3-BF4B-00C04F79EFBC}") = "Domain", "Domain\Domain.csproj", "{26F7A930-30AB-4A90-A0B5-E68355BD9FFD}"
EndProject
Project("{FAE04EC0-301F-11D3-BF4B-00C04F79EFBC}") = "Application", "Application\Application.csproj", "{639B40E9-6F13-473E-BC7B-DEF263EF660C}"
EndProject
Project("{FAE04EC0-301F-11D3-BF4B-00C04F79EFBC}") = "Infraestructure", "Infraestructure\Infraestructure.csproj", "{D4D2789F-3A73-4042-8A29-D347A63DE813}"
EndProject
Project("{FAE04EC0-301F-11D3-BF4B-00C04F79EFBC}") = "Presentation", "Presentation\Presentation.csproj", "{D2836F08-834C-477C-802C-90147B6B83FF}"
EndProject
Project("{FAE04EC0-301F-11D3-BF4B-00C04F79EFBC}") = "Web", "Web\Web.csproj", "{6C35D1A0-4233-4980-8089-1F4C5CBF9C6B}"
EndProject
Global
	GlobalSection(SolutionConfigurationPlatforms) = preSolution
		Debug|Any CPU = Debug|Any CPU
		Release|Any CPU = Release|Any CPU
	EndGlobalSection
	GlobalSection(ProjectConfigurationPlatforms) = postSolution
		{26F7A930-30AB-4A90-A0B5-E68355BD9FFD}.Debug|Any CPU.ActiveCfg = Debug|Any CPU
		{26F7A930-30AB-4A90-A0B5-E68355BD9FFD}.Debug|Any CPU.Build.0 = Debug|Any CPU
		{26F7A930-30AB-4A90-A0B5-E68355BD9FFD}.Release|Any CPU.ActiveCfg = Release|Any CPU
		{26F7A930-30AB-4A90-A0B5-E68355BD9FFD}.Release|Any CPU.Build.0 = Release|Any CPU
		{639B40E9-6F13-473E-BC7B-DEF263EF660C}.Debug|Any CPU.ActiveCfg = Debug|Any CPU
		{639B40E9-6F13-473E-BC7B-DEF263EF660C}.Debug|Any CPU.Build.0 = Debug|Any CPU
		{639B40E9-6F13-473E-BC7B-DEF263EF660C}.Release|Any CPU.ActiveCfg = Release|Any CPU
		{639B40E9-6F13-473E-BC7B-DEF263EF660C}.Release|Any CPU.Build.0 = Release|Any CPU
		{D4D2789F-3A73-4042-8A29-D347A63DE813}.Debug|Any CPU.ActiveCfg = Debug|Any CPU
		{D4D2789F-3A73-4042-8A29-D347A63DE813}.Debug|Any CPU.Build.0 = Debug|Any CPU
		{D4D2789F-3A73-4042-8A29-D347A63DE813}.Release|Any CPU.ActiveCfg = Release|Any CPU
		{D4D2789F-3A73-4042-8A29-D347A63DE813}.Release|Any CPU.Build.0 = Release|Any CPU
		{D2836F08-834C-477C-802C-90147B6B83FF}.Debug|Any CPU.ActiveCfg = Debug|Any CPU
		{D2836F08-834C-477C-802C-90147B6B83FF}.Debug|Any CPU.Build.0 = Debug|Any CPU
		{D2836F08-834C-477C-802C-90147B6B83FF}.Release|Any CPU.ActiveCfg = Release|Any CPU
		{D2836F08-834C-477C-802C-90147B6B83FF}.Release|Any CPU.Build.0 = Release|Any CPU
		{6C35D1A0-4233-4980-8089-1F4C5CBF9C6B}.Debug|Any CPU.ActiveCfg = Debug|Any CPU
		{6C35D1A0-4233-4980-8089-1F4C5CBF9C6B}.Debug|Any CPU.Build.0 = Debug|Any CPU
		{6C35D1A0-4233-4980-8089-1F4C5CBF9C6B}.Release|Any CPU.ActiveCfg = Release|Any CPU
		{6C35D1A0-4233-4980-8089-1F4C5CBF9C6B}.Release|Any CPU.Build.0 = Release|Any CPU
	EndGlobalSection
	GlobalSection(SolutionProperties) = preSolution
		HideSolutionNode = FALSE
	EndGlobalSection
	GlobalSection(ExtensibilityGlobals) = postSolution
		SolutionGuid = {A2FC8E7F-2CD1-4EFA-B7DF-3C261AA9F922}
	EndGlobalSection
EndGlobal
